
Microsoft Visual Studio Solution File, Format Version 12.00
# Visual Studio Version 17
VisualStudioVersion = 17.13.35931.197 d17.13
MinimumVisualStudioVersion = 10.0.40219.1
Project("{FAE04EC0-301F-11D3-BF4B-00C04F79EFBC}") = "AppConsumer", "AppConsumer.csproj", "{4E224815-FEC5-46A0-AC0A-B5CC01307143}"
EndProject
Global
	GlobalSection(SolutionConfigurationPlatforms) = preSolution
		Debug|Any CPU = Debug|Any CPU
		Release|Any CPU = Release|Any CPU
	EndGlobalSection
	GlobalSection(ProjectConfigurationPlatforms) = postSolution
		{4E224815-FEC5-46A0-AC0A-B5CC01307143}.Debug|Any CPU.ActiveCfg = Debug|Any CPU
		{4E224815-FEC5-46A0-AC0A-B5CC01307143}.Debug|Any CPU.Build.0 = Debug|Any CPU
		{4E224815-FEC5-46A0-AC0A-B5CC01307143}.Release|Any CPU.ActiveCfg = Release|Any CPU
		{4E224815-FEC5-46A0-AC0A-B5CC01307143}.Release|Any CPU.Build.0 = Release|Any CPU
	EndGlobalSection
	GlobalSection(SolutionProperties) = preSolution
		HideSolutionNode = FALSE
	EndGlobalSection
	GlobalSection(ExtensibilityGlobals) = postSolution
		SolutionGuid = {CEAC335B-4EC2-49A7-A370-4398B998D7EE}
	EndGlobalSection
EndGlobal
