
Microsoft Visual Studio Solution File, Format Version 12.00
# Visual Studio Version 17
VisualStudioVersion = 17.13.35931.197 d17.13
MinimumVisualStudioVersion = 10.0.40219.1
Project("{FAE04EC0-301F-11D3-BF4B-00C04F79EFBC}") = "Day01 - [EF]Lab", "Day01 - [EF]Lab.csproj", "{A555AB3E-84A2-4623-99F5-6B8E37F80B9F}"
EndProject
Global
	GlobalSection(SolutionConfigurationPlatforms) = preSolution
		Debug|Any CPU = Debug|Any CPU
		Release|Any CPU = Release|Any CPU
	EndGlobalSection
	GlobalSection(ProjectConfigurationPlatforms) = postSolution
		{A555AB3E-84A2-4623-99F5-6B8E37F80B9F}.Debug|Any CPU.ActiveCfg = Debug|Any CPU
		{A555AB3E-84A2-4623-99F5-6B8E37F80B9F}.Debug|Any CPU.Build.0 = Debug|Any CPU
		{A555AB3E-84A2-4623-99F5-6B8E37F80B9F}.Release|Any CPU.ActiveCfg = Release|Any CPU
		{A555AB3E-84A2-4623-99F5-6B8E37F80B9F}.Release|Any CPU.Build.0 = Release|Any CPU
	EndGlobalSection
	GlobalSection(SolutionProperties) = preSolution
		HideSolutionNode = FALSE
	EndGlobalSection
	GlobalSection(ExtensibilityGlobals) = postSolution
		SolutionGuid = {102B24E7-89F2-4AA6-AA10-C1EC00E50447}
	EndGlobalSection
EndGlobal
