
Microsoft Visual Studio Solution File, Format Version 12.00
# Visual Studio Version 17
VisualStudioVersion = 17.13.35931.197 d17.13
MinimumVisualStudioVersion = 10.0.40219.1
Project("{FAE04EC0-301F-11D3-BF4B-00C04F79EFBC}") = "Day01[WF] - SimpleQuizApp", "Day01[WF] - SimpleQuizApp.csproj", "{D3AD3D9B-0AEB-4449-A624-16F8EECC17DF}"
EndProject
Global
	GlobalSection(SolutionConfigurationPlatforms) = preSolution
		Debug|Any CPU = Debug|Any CPU
		Release|Any CPU = Release|Any CPU
	EndGlobalSection
	GlobalSection(ProjectConfigurationPlatforms) = postSolution
		{D3AD3D9B-0AEB-4449-A624-16F8EECC17DF}.Debug|Any CPU.ActiveCfg = Debug|Any CPU
		{D3AD3D9B-0AEB-4449-A624-16F8EECC17DF}.Debug|Any CPU.Build.0 = Debug|Any CPU
		{D3AD3D9B-0AEB-4449-A624-16F8EECC17DF}.Release|Any CPU.ActiveCfg = Release|Any CPU
		{D3AD3D9B-0AEB-4449-A624-16F8EECC17DF}.Release|Any CPU.Build.0 = Release|Any CPU
	EndGlobalSection
	GlobalSection(SolutionProperties) = preSolution
		HideSolutionNode = FALSE
	EndGlobalSection
	GlobalSection(ExtensibilityGlobals) = postSolution
		SolutionGuid = {49A98A30-3D6C-453E-BEC1-5F60F1D5D802}
	EndGlobalSection
EndGlobal
