
Microsoft Visual Studio Solution File, Format Version 12.00
# Visual Studio Version 17
VisualStudioVersion = 17.13.35931.197 d17.13
MinimumVisualStudioVersion = 10.0.40219.1
Project("{FAE04EC0-301F-11D3-BF4B-00C04F79EFBC}") = "Day01[WF] - SimpleNotePad", "Day01[WF] - SimpleNotePad.csproj", "{16A44C6F-7866-4F84-8417-BA8D8588A235}"
EndProject
Global
	GlobalSection(SolutionConfigurationPlatforms) = preSolution
		Debug|Any CPU = Debug|Any CPU
		Release|Any CPU = Release|Any CPU
	EndGlobalSection
	GlobalSection(ProjectConfigurationPlatforms) = postSolution
		{16A44C6F-7866-4F84-8417-BA8D8588A235}.Debug|Any CPU.ActiveCfg = Debug|Any CPU
		{16A44C6F-7866-4F84-8417-BA8D8588A235}.Debug|Any CPU.Build.0 = Debug|Any CPU
		{16A44C6F-7866-4F84-8417-BA8D8588A235}.Release|Any CPU.ActiveCfg = Release|Any CPU
		{16A44C6F-7866-4F84-8417-BA8D8588A235}.Release|Any CPU.Build.0 = Release|Any CPU
	EndGlobalSection
	GlobalSection(SolutionProperties) = preSolution
		HideSolutionNode = FALSE
	EndGlobalSection
	GlobalSection(ExtensibilityGlobals) = postSolution
		SolutionGuid = {ACE53503-4E15-4751-A3DE-4565F9268984}
	EndGlobalSection
EndGlobal
